
Microsoft Visual Studio Solution File, Format Version 12.00
# Visual Studio Version 17
VisualStudioVersion = 17.1.32328.378
MinimumVisualStudioVersion = 10.0.40219.1
Project("{9A19103F-16F7-4668-BE54-9A1E7A4F7556}") = "Todo.Contracts", "Todo.Contracts\Todo.Contracts.csproj", "{47C2FA21-5859-440C-B656-EA45EFF17DE7}"
EndProject
Project("{9A19103F-16F7-4668-BE54-9A1E7A4F7556}") = "Todo.ClientBase", "Todo.ClientBase\Todo.ClientBase.csproj", "{D8EF433B-37CD-42EB-86CA-8C14EAD00F24}"
EndProject
Project("{9A19103F-16F7-4668-BE54-9A1E7A4F7556}") = "Todo.Service", "Todo.Service\Todo.Service.csproj", "{FEFC4430-33BF-412E-979C-104763454BE3}"
EndProject
Project("{9A19103F-16F7-4668-BE54-9A1E7A4F7556}") = "Todo.Service.Test", "Todo.Service.Test\Todo.Service.Test.csproj", "{06EEC4DE-0DF4-42DF-B718-179A52950A0B}"
EndProject
Project("{9A19103F-16F7-4668-BE54-9A1E7A4F7556}") = "Todo.Wpf", "Todo.Wpf\Todo.Wpf.csproj", "{81A6772D-CE12-4A91-889D-AF6ECE6D2632}"
EndProject
Project("{9A19103F-16F7-4668-BE54-9A1E7A4F7556}") = "Todo.Client.MVVM", "Todo.Client.MVVM\Todo.Client.MVVM.csproj", "{E63E258B-2B78-42A3-850F-DFD38F3E9C03}"
EndProject
Project("{9A19103F-16F7-4668-BE54-9A1E7A4F7556}") = "Todo.Client.Data", "Todo.Client.Data\Todo.Client.Data.csproj", "{1B2C4213-1B9F-4F18-BCEA-E109181FAD66}"
EndProject
Project("{9A19103F-16F7-4668-BE54-9A1E7A4F7556}") = "Todo.Blazor", "Todo.Blazor\Todo.Blazor.csproj", "{BA2BA238-684F-4D5D-BFF8-437693EA00FC}"
EndProject
Project("{9A19103F-16F7-4668-BE54-9A1E7A4F7556}") = "Todo.Client.Localisation", "Todo.Client.Localisation\Todo.Client.Localisation.csproj", "{32F2AFF4-5CC5-4B23-80DB-636D7D1F1631}"
EndProject
Project("{FAE04EC0-301F-11D3-BF4B-00C04F79EFBC}") = "Todo.Client.Data.Test", "Todo.Client.Data.Test\Todo.Client.Data.Test.csproj", "{F2B07315-2D09-210D-4A16-C2C482D8DDBC}"
EndProject
Project("{FAE04EC0-301F-11D3-BF4B-00C04F79EFBC}") = "Todo.ClientBase.Test", "Todo.ClientBase.Test\Todo.ClientBase.Test.csproj", "{15C2C742-0277-6DB2-C551-AAA3C662A951}"
EndProject
Global
	GlobalSection(SolutionConfigurationPlatforms) = preSolution
		Ad-Hoc|Any CPU = Ad-Hoc|Any CPU
		Ad-Hoc|iPhone = Ad-Hoc|iPhone
		Ad-Hoc|iPhoneSimulator = Ad-Hoc|iPhoneSimulator
		AppStore|Any CPU = AppStore|Any CPU
		AppStore|iPhone = AppStore|iPhone
		AppStore|iPhoneSimulator = AppStore|iPhoneSimulator
		Debug|Any CPU = Debug|Any CPU
		Debug|iPhone = Debug|iPhone
		Debug|iPhoneSimulator = Debug|iPhoneSimulator
		Release|Any CPU = Release|Any CPU
		Release|iPhone = Release|iPhone
		Release|iPhoneSimulator = Release|iPhoneSimulator
	EndGlobalSection
	GlobalSection(ProjectConfigurationPlatforms) = postSolution
		{47C2FA21-5859-440C-B656-EA45EFF17DE7}.Ad-Hoc|Any CPU.ActiveCfg = Debug|Any CPU
		{47C2FA21-5859-440C-B656-EA45EFF17DE7}.Ad-Hoc|Any CPU.Build.0 = Debug|Any CPU
		{47C2FA21-5859-440C-B656-EA45EFF17DE7}.Ad-Hoc|iPhone.ActiveCfg = Debug|Any CPU
		{47C2FA21-5859-440C-B656-EA45EFF17DE7}.Ad-Hoc|iPhone.Build.0 = Debug|Any CPU
		{47C2FA21-5859-440C-B656-EA45EFF17DE7}.Ad-Hoc|iPhoneSimulator.ActiveCfg = Debug|Any CPU
		{47C2FA21-5859-440C-B656-EA45EFF17DE7}.Ad-Hoc|iPhoneSimulator.Build.0 = Debug|Any CPU
		{47C2FA21-5859-440C-B656-EA45EFF17DE7}.AppStore|Any CPU.ActiveCfg = Debug|Any CPU
		{47C2FA21-5859-440C-B656-EA45EFF17DE7}.AppStore|Any CPU.Build.0 = Debug|Any CPU
		{47C2FA21-5859-440C-B656-EA45EFF17DE7}.AppStore|iPhone.ActiveCfg = Debug|Any CPU
		{47C2FA21-5859-440C-B656-EA45EFF17DE7}.AppStore|iPhone.Build.0 = Debug|Any CPU
		{47C2FA21-5859-440C-B656-EA45EFF17DE7}.AppStore|iPhoneSimulator.ActiveCfg = Debug|Any CPU
		{47C2FA21-5859-440C-B656-EA45EFF17DE7}.AppStore|iPhoneSimulator.Build.0 = Debug|Any CPU
		{47C2FA21-5859-440C-B656-EA45EFF17DE7}.Debug|Any CPU.ActiveCfg = Debug|Any CPU
		{47C2FA21-5859-440C-B656-EA45EFF17DE7}.Debug|Any CPU.Build.0 = Debug|Any CPU
		{47C2FA21-5859-440C-B656-EA45EFF17DE7}.Debug|iPhone.ActiveCfg = Debug|Any CPU
		{47C2FA21-5859-440C-B656-EA45EFF17DE7}.Debug|iPhone.Build.0 = Debug|Any CPU
		{47C2FA21-5859-440C-B656-EA45EFF17DE7}.Debug|iPhoneSimulator.ActiveCfg = Debug|Any CPU
		{47C2FA21-5859-440C-B656-EA45EFF17DE7}.Debug|iPhoneSimulator.Build.0 = Debug|Any CPU
		{47C2FA21-5859-440C-B656-EA45EFF17DE7}.Release|Any CPU.ActiveCfg = Release|Any CPU
		{47C2FA21-5859-440C-B656-EA45EFF17DE7}.Release|Any CPU.Build.0 = Release|Any CPU
		{47C2FA21-5859-440C-B656-EA45EFF17DE7}.Release|iPhone.ActiveCfg = Release|Any CPU
		{47C2FA21-5859-440C-B656-EA45EFF17DE7}.Release|iPhone.Build.0 = Release|Any CPU
		{47C2FA21-5859-440C-B656-EA45EFF17DE7}.Release|iPhoneSimulator.ActiveCfg = Release|Any CPU
		{47C2FA21-5859-440C-B656-EA45EFF17DE7}.Release|iPhoneSimulator.Build.0 = Release|Any CPU
		{D8EF433B-37CD-42EB-86CA-8C14EAD00F24}.Ad-Hoc|Any CPU.ActiveCfg = Debug|Any CPU
		{D8EF433B-37CD-42EB-86CA-8C14EAD00F24}.Ad-Hoc|Any CPU.Build.0 = Debug|Any CPU
		{D8EF433B-37CD-42EB-86CA-8C14EAD00F24}.Ad-Hoc|iPhone.ActiveCfg = Debug|Any CPU
		{D8EF433B-37CD-42EB-86CA-8C14EAD00F24}.Ad-Hoc|iPhone.Build.0 = Debug|Any CPU
		{D8EF433B-37CD-42EB-86CA-8C14EAD00F24}.Ad-Hoc|iPhoneSimulator.ActiveCfg = Debug|Any CPU
		{D8EF433B-37CD-42EB-86CA-8C14EAD00F24}.Ad-Hoc|iPhoneSimulator.Build.0 = Debug|Any CPU
		{D8EF433B-37CD-42EB-86CA-8C14EAD00F24}.AppStore|Any CPU.ActiveCfg = Debug|Any CPU
		{D8EF433B-37CD-42EB-86CA-8C14EAD00F24}.AppStore|Any CPU.Build.0 = Debug|Any CPU
		{D8EF433B-37CD-42EB-86CA-8C14EAD00F24}.AppStore|iPhone.ActiveCfg = Debug|Any CPU
		{D8EF433B-37CD-42EB-86CA-8C14EAD00F24}.AppStore|iPhone.Build.0 = Debug|Any CPU
		{D8EF433B-37CD-42EB-86CA-8C14EAD00F24}.AppStore|iPhoneSimulator.ActiveCfg = Debug|Any CPU
		{D8EF433B-37CD-42EB-86CA-8C14EAD00F24}.AppStore|iPhoneSimulator.Build.0 = Debug|Any CPU
		{D8EF433B-37CD-42EB-86CA-8C14EAD00F24}.Debug|Any CPU.ActiveCfg = Debug|Any CPU
		{D8EF433B-37CD-42EB-86CA-8C14EAD00F24}.Debug|Any CPU.Build.0 = Debug|Any CPU
		{D8EF433B-37CD-42EB-86CA-8C14EAD00F24}.Debug|iPhone.ActiveCfg = Debug|Any CPU
		{D8EF433B-37CD-42EB-86CA-8C14EAD00F24}.Debug|iPhone.Build.0 = Debug|Any CPU
		{D8EF433B-37CD-42EB-86CA-8C14EAD00F24}.Debug|iPhoneSimulator.ActiveCfg = Debug|Any CPU
		{D8EF433B-37CD-42EB-86CA-8C14EAD00F24}.Debug|iPhoneSimulator.Build.0 = Debug|Any CPU
		{D8EF433B-37CD-42EB-86CA-8C14EAD00F24}.Release|Any CPU.ActiveCfg = Release|Any CPU
		{D8EF433B-37CD-42EB-86CA-8C14EAD00F24}.Release|Any CPU.Build.0 = Release|Any CPU
		{D8EF433B-37CD-42EB-86CA-8C14EAD00F24}.Release|iPhone.ActiveCfg = Release|Any CPU
		{D8EF433B-37CD-42EB-86CA-8C14EAD00F24}.Release|iPhone.Build.0 = Release|Any CPU
		{D8EF433B-37CD-42EB-86CA-8C14EAD00F24}.Release|iPhoneSimulator.ActiveCfg = Release|Any CPU
		{D8EF433B-37CD-42EB-86CA-8C14EAD00F24}.Release|iPhoneSimulator.Build.0 = Release|Any CPU
		{FEFC4430-33BF-412E-979C-104763454BE3}.Ad-Hoc|Any CPU.ActiveCfg = Debug|Any CPU
		{FEFC4430-33BF-412E-979C-104763454BE3}.Ad-Hoc|Any CPU.Build.0 = Debug|Any CPU
		{FEFC4430-33BF-412E-979C-104763454BE3}.Ad-Hoc|iPhone.ActiveCfg = Debug|Any CPU
		{FEFC4430-33BF-412E-979C-104763454BE3}.Ad-Hoc|iPhone.Build.0 = Debug|Any CPU
		{FEFC4430-33BF-412E-979C-104763454BE3}.Ad-Hoc|iPhoneSimulator.ActiveCfg = Debug|Any CPU
		{FEFC4430-33BF-412E-979C-104763454BE3}.Ad-Hoc|iPhoneSimulator.Build.0 = Debug|Any CPU
		{FEFC4430-33BF-412E-979C-104763454BE3}.AppStore|Any CPU.ActiveCfg = Debug|Any CPU
		{FEFC4430-33BF-412E-979C-104763454BE3}.AppStore|Any CPU.Build.0 = Debug|Any CPU
		{FEFC4430-33BF-412E-979C-104763454BE3}.AppStore|iPhone.ActiveCfg = Debug|Any CPU
		{FEFC4430-33BF-412E-979C-104763454BE3}.AppStore|iPhone.Build.0 = Debug|Any CPU
		{FEFC4430-33BF-412E-979C-104763454BE3}.AppStore|iPhoneSimulator.ActiveCfg = Debug|Any CPU
		{FEFC4430-33BF-412E-979C-104763454BE3}.AppStore|iPhoneSimulator.Build.0 = Debug|Any CPU
		{FEFC4430-33BF-412E-979C-104763454BE3}.Debug|Any CPU.ActiveCfg = Debug|Any CPU
		{FEFC4430-33BF-412E-979C-104763454BE3}.Debug|Any CPU.Build.0 = Debug|Any CPU
		{FEFC4430-33BF-412E-979C-104763454BE3}.Debug|iPhone.ActiveCfg = Debug|Any CPU
		{FEFC4430-33BF-412E-979C-104763454BE3}.Debug|iPhone.Build.0 = Debug|Any CPU
		{FEFC4430-33BF-412E-979C-104763454BE3}.Debug|iPhoneSimulator.ActiveCfg = Debug|Any CPU
		{FEFC4430-33BF-412E-979C-104763454BE3}.Debug|iPhoneSimulator.Build.0 = Debug|Any CPU
		{FEFC4430-33BF-412E-979C-104763454BE3}.Release|Any CPU.ActiveCfg = Release|Any CPU
		{FEFC4430-33BF-412E-979C-104763454BE3}.Release|Any CPU.Build.0 = Release|Any CPU
		{FEFC4430-33BF-412E-979C-104763454BE3}.Release|iPhone.ActiveCfg = Release|Any CPU
		{FEFC4430-33BF-412E-979C-104763454BE3}.Release|iPhone.Build.0 = Release|Any CPU
		{FEFC4430-33BF-412E-979C-104763454BE3}.Release|iPhoneSimulator.ActiveCfg = Release|Any CPU
		{FEFC4430-33BF-412E-979C-104763454BE3}.Release|iPhoneSimulator.Build.0 = Release|Any CPU
		{06EEC4DE-0DF4-42DF-B718-179A52950A0B}.Ad-Hoc|Any CPU.ActiveCfg = Debug|Any CPU
		{06EEC4DE-0DF4-42DF-B718-179A52950A0B}.Ad-Hoc|Any CPU.Build.0 = Debug|Any CPU
		{06EEC4DE-0DF4-42DF-B718-179A52950A0B}.Ad-Hoc|iPhone.ActiveCfg = Debug|Any CPU
		{06EEC4DE-0DF4-42DF-B718-179A52950A0B}.Ad-Hoc|iPhone.Build.0 = Debug|Any CPU
		{06EEC4DE-0DF4-42DF-B718-179A52950A0B}.Ad-Hoc|iPhoneSimulator.ActiveCfg = Debug|Any CPU
		{06EEC4DE-0DF4-42DF-B718-179A52950A0B}.Ad-Hoc|iPhoneSimulator.Build.0 = Debug|Any CPU
		{06EEC4DE-0DF4-42DF-B718-179A52950A0B}.AppStore|Any CPU.ActiveCfg = Debug|Any CPU
		{06EEC4DE-0DF4-42DF-B718-179A52950A0B}.AppStore|Any CPU.Build.0 = Debug|Any CPU
		{06EEC4DE-0DF4-42DF-B718-179A52950A0B}.AppStore|iPhone.ActiveCfg = Debug|Any CPU
		{06EEC4DE-0DF4-42DF-B718-179A52950A0B}.AppStore|iPhone.Build.0 = Debug|Any CPU
		{06EEC4DE-0DF4-42DF-B718-179A52950A0B}.AppStore|iPhoneSimulator.ActiveCfg = Debug|Any CPU
		{06EEC4DE-0DF4-42DF-B718-179A52950A0B}.AppStore|iPhoneSimulator.Build.0 = Debug|Any CPU
		{06EEC4DE-0DF4-42DF-B718-179A52950A0B}.Debug|Any CPU.ActiveCfg = Debug|Any CPU
		{06EEC4DE-0DF4-42DF-B718-179A52950A0B}.Debug|Any CPU.Build.0 = Debug|Any CPU
		{06EEC4DE-0DF4-42DF-B718-179A52950A0B}.Debug|iPhone.ActiveCfg = Debug|Any CPU
		{06EEC4DE-0DF4-42DF-B718-179A52950A0B}.Debug|iPhone.Build.0 = Debug|Any CPU
		{06EEC4DE-0DF4-42DF-B718-179A52950A0B}.Debug|iPhoneSimulator.ActiveCfg = Debug|Any CPU
		{06EEC4DE-0DF4-42DF-B718-179A52950A0B}.Debug|iPhoneSimulator.Build.0 = Debug|Any CPU
		{06EEC4DE-0DF4-42DF-B718-179A52950A0B}.Release|Any CPU.ActiveCfg = Release|Any CPU
		{06EEC4DE-0DF4-42DF-B718-179A52950A0B}.Release|Any CPU.Build.0 = Release|Any CPU
		{06EEC4DE-0DF4-42DF-B718-179A52950A0B}.Release|iPhone.ActiveCfg = Release|Any CPU
		{06EEC4DE-0DF4-42DF-B718-179A52950A0B}.Release|iPhone.Build.0 = Release|Any CPU
		{06EEC4DE-0DF4-42DF-B718-179A52950A0B}.Release|iPhoneSimulator.ActiveCfg = Release|Any CPU
		{06EEC4DE-0DF4-42DF-B718-179A52950A0B}.Release|iPhoneSimulator.Build.0 = Release|Any CPU
		{81A6772D-CE12-4A91-889D-AF6ECE6D2632}.Ad-Hoc|Any CPU.ActiveCfg = Debug|Any CPU
		{81A6772D-CE12-4A91-889D-AF6ECE6D2632}.Ad-Hoc|Any CPU.Build.0 = Debug|Any CPU
		{81A6772D-CE12-4A91-889D-AF6ECE6D2632}.Ad-Hoc|iPhone.ActiveCfg = Debug|Any CPU
		{81A6772D-CE12-4A91-889D-AF6ECE6D2632}.Ad-Hoc|iPhone.Build.0 = Debug|Any CPU
		{81A6772D-CE12-4A91-889D-AF6ECE6D2632}.Ad-Hoc|iPhoneSimulator.ActiveCfg = Debug|Any CPU
		{81A6772D-CE12-4A91-889D-AF6ECE6D2632}.Ad-Hoc|iPhoneSimulator.Build.0 = Debug|Any CPU
		{81A6772D-CE12-4A91-889D-AF6ECE6D2632}.AppStore|Any CPU.ActiveCfg = Debug|Any CPU
		{81A6772D-CE12-4A91-889D-AF6ECE6D2632}.AppStore|Any CPU.Build.0 = Debug|Any CPU
		{81A6772D-CE12-4A91-889D-AF6ECE6D2632}.AppStore|iPhone.ActiveCfg = Debug|Any CPU
		{81A6772D-CE12-4A91-889D-AF6ECE6D2632}.AppStore|iPhone.Build.0 = Debug|Any CPU
		{81A6772D-CE12-4A91-889D-AF6ECE6D2632}.AppStore|iPhoneSimulator.ActiveCfg = Debug|Any CPU
		{81A6772D-CE12-4A91-889D-AF6ECE6D2632}.AppStore|iPhoneSimulator.Build.0 = Debug|Any CPU
		{81A6772D-CE12-4A91-889D-AF6ECE6D2632}.Debug|Any CPU.ActiveCfg = Debug|Any CPU
		{81A6772D-CE12-4A91-889D-AF6ECE6D2632}.Debug|Any CPU.Build.0 = Debug|Any CPU
		{81A6772D-CE12-4A91-889D-AF6ECE6D2632}.Debug|iPhone.ActiveCfg = Debug|Any CPU
		{81A6772D-CE12-4A91-889D-AF6ECE6D2632}.Debug|iPhone.Build.0 = Debug|Any CPU
		{81A6772D-CE12-4A91-889D-AF6ECE6D2632}.Debug|iPhoneSimulator.ActiveCfg = Debug|Any CPU
		{81A6772D-CE12-4A91-889D-AF6ECE6D2632}.Debug|iPhoneSimulator.Build.0 = Debug|Any CPU
		{81A6772D-CE12-4A91-889D-AF6ECE6D2632}.Release|Any CPU.ActiveCfg = Release|Any CPU
		{81A6772D-CE12-4A91-889D-AF6ECE6D2632}.Release|Any CPU.Build.0 = Release|Any CPU
		{81A6772D-CE12-4A91-889D-AF6ECE6D2632}.Release|iPhone.ActiveCfg = Release|Any CPU
		{81A6772D-CE12-4A91-889D-AF6ECE6D2632}.Release|iPhone.Build.0 = Release|Any CPU
		{81A6772D-CE12-4A91-889D-AF6ECE6D2632}.Release|iPhoneSimulator.ActiveCfg = Release|Any CPU
		{81A6772D-CE12-4A91-889D-AF6ECE6D2632}.Release|iPhoneSimulator.Build.0 = Release|Any CPU
		{E63E258B-2B78-42A3-850F-DFD38F3E9C03}.Ad-Hoc|Any CPU.ActiveCfg = Debug|Any CPU
		{E63E258B-2B78-42A3-850F-DFD38F3E9C03}.Ad-Hoc|Any CPU.Build.0 = Debug|Any CPU
		{E63E258B-2B78-42A3-850F-DFD38F3E9C03}.Ad-Hoc|iPhone.ActiveCfg = Debug|Any CPU
		{E63E258B-2B78-42A3-850F-DFD38F3E9C03}.Ad-Hoc|iPhone.Build.0 = Debug|Any CPU
		{E63E258B-2B78-42A3-850F-DFD38F3E9C03}.Ad-Hoc|iPhoneSimulator.ActiveCfg = Debug|Any CPU
		{E63E258B-2B78-42A3-850F-DFD38F3E9C03}.Ad-Hoc|iPhoneSimulator.Build.0 = Debug|Any CPU
		{E63E258B-2B78-42A3-850F-DFD38F3E9C03}.AppStore|Any CPU.ActiveCfg = Debug|Any CPU
		{E63E258B-2B78-42A3-850F-DFD38F3E9C03}.AppStore|Any CPU.Build.0 = Debug|Any CPU
		{E63E258B-2B78-42A3-850F-DFD38F3E9C03}.AppStore|iPhone.ActiveCfg = Debug|Any CPU
		{E63E258B-2B78-42A3-850F-DFD38F3E9C03}.AppStore|iPhone.Build.0 = Debug|Any CPU
		{E63E258B-2B78-42A3-850F-DFD38F3E9C03}.AppStore|iPhoneSimulator.ActiveCfg = Debug|Any CPU
		{E63E258B-2B78-42A3-850F-DFD38F3E9C03}.AppStore|iPhoneSimulator.Build.0 = Debug|Any CPU
		{E63E258B-2B78-42A3-850F-DFD38F3E9C03}.Debug|Any CPU.ActiveCfg = Debug|Any CPU
		{E63E258B-2B78-42A3-850F-DFD38F3E9C03}.Debug|Any CPU.Build.0 = Debug|Any CPU
		{E63E258B-2B78-42A3-850F-DFD38F3E9C03}.Debug|iPhone.ActiveCfg = Debug|Any CPU
		{E63E258B-2B78-42A3-850F-DFD38F3E9C03}.Debug|iPhone.Build.0 = Debug|Any CPU
		{E63E258B-2B78-42A3-850F-DFD38F3E9C03}.Debug|iPhoneSimulator.ActiveCfg = Debug|Any CPU
		{E63E258B-2B78-42A3-850F-DFD38F3E9C03}.Debug|iPhoneSimulator.Build.0 = Debug|Any CPU
		{E63E258B-2B78-42A3-850F-DFD38F3E9C03}.Release|Any CPU.ActiveCfg = Release|Any CPU
		{E63E258B-2B78-42A3-850F-DFD38F3E9C03}.Release|Any CPU.Build.0 = Release|Any CPU
		{E63E258B-2B78-42A3-850F-DFD38F3E9C03}.Release|iPhone.ActiveCfg = Release|Any CPU
		{E63E258B-2B78-42A3-850F-DFD38F3E9C03}.Release|iPhone.Build.0 = Release|Any CPU
		{E63E258B-2B78-42A3-850F-DFD38F3E9C03}.Release|iPhoneSimulator.ActiveCfg = Release|Any CPU
		{E63E258B-2B78-42A3-850F-DFD38F3E9C03}.Release|iPhoneSimulator.Build.0 = Release|Any CPU
		{1B2C4213-1B9F-4F18-BCEA-E109181FAD66}.Ad-Hoc|Any CPU.ActiveCfg = Debug|Any CPU
		{1B2C4213-1B9F-4F18-BCEA-E109181FAD66}.Ad-Hoc|Any CPU.Build.0 = Debug|Any CPU
		{1B2C4213-1B9F-4F18-BCEA-E109181FAD66}.Ad-Hoc|iPhone.ActiveCfg = Debug|Any CPU
		{1B2C4213-1B9F-4F18-BCEA-E109181FAD66}.Ad-Hoc|iPhone.Build.0 = Debug|Any CPU
		{1B2C4213-1B9F-4F18-BCEA-E109181FAD66}.Ad-Hoc|iPhoneSimulator.ActiveCfg = Debug|Any CPU
		{1B2C4213-1B9F-4F18-BCEA-E109181FAD66}.Ad-Hoc|iPhoneSimulator.Build.0 = Debug|Any CPU
		{1B2C4213-1B9F-4F18-BCEA-E109181FAD66}.AppStore|Any CPU.ActiveCfg = Debug|Any CPU
		{1B2C4213-1B9F-4F18-BCEA-E109181FAD66}.AppStore|Any CPU.Build.0 = Debug|Any CPU
		{1B2C4213-1B9F-4F18-BCEA-E109181FAD66}.AppStore|iPhone.ActiveCfg = Debug|Any CPU
		{1B2C4213-1B9F-4F18-BCEA-E109181FAD66}.AppStore|iPhone.Build.0 = Debug|Any CPU
		{1B2C4213-1B9F-4F18-BCEA-E109181FAD66}.AppStore|iPhoneSimulator.ActiveCfg = Debug|Any CPU
		{1B2C4213-1B9F-4F18-BCEA-E109181FAD66}.AppStore|iPhoneSimulator.Build.0 = Debug|Any CPU
		{1B2C4213-1B9F-4F18-BCEA-E109181FAD66}.Debug|Any CPU.ActiveCfg = Debug|Any CPU
		{1B2C4213-1B9F-4F18-BCEA-E109181FAD66}.Debug|Any CPU.Build.0 = Debug|Any CPU
		{1B2C4213-1B9F-4F18-BCEA-E109181FAD66}.Debug|iPhone.ActiveCfg = Debug|Any CPU
		{1B2C4213-1B9F-4F18-BCEA-E109181FAD66}.Debug|iPhone.Build.0 = Debug|Any CPU
		{1B2C4213-1B9F-4F18-BCEA-E109181FAD66}.Debug|iPhoneSimulator.ActiveCfg = Debug|Any CPU
		{1B2C4213-1B9F-4F18-BCEA-E109181FAD66}.Debug|iPhoneSimulator.Build.0 = Debug|Any CPU
		{1B2C4213-1B9F-4F18-BCEA-E109181FAD66}.Release|Any CPU.ActiveCfg = Release|Any CPU
		{1B2C4213-1B9F-4F18-BCEA-E109181FAD66}.Release|Any CPU.Build.0 = Release|Any CPU
		{1B2C4213-1B9F-4F18-BCEA-E109181FAD66}.Release|iPhone.ActiveCfg = Release|Any CPU
		{1B2C4213-1B9F-4F18-BCEA-E109181FAD66}.Release|iPhone.Build.0 = Release|Any CPU
		{1B2C4213-1B9F-4F18-BCEA-E109181FAD66}.Release|iPhoneSimulator.ActiveCfg = Release|Any CPU
		{1B2C4213-1B9F-4F18-BCEA-E109181FAD66}.Release|iPhoneSimulator.Build.0 = Release|Any CPU
		{BA2BA238-684F-4D5D-BFF8-437693EA00FC}.Ad-Hoc|Any CPU.ActiveCfg = Debug|Any CPU
		{BA2BA238-684F-4D5D-BFF8-437693EA00FC}.Ad-Hoc|Any CPU.Build.0 = Debug|Any CPU
		{BA2BA238-684F-4D5D-BFF8-437693EA00FC}.Ad-Hoc|iPhone.ActiveCfg = Debug|Any CPU
		{BA2BA238-684F-4D5D-BFF8-437693EA00FC}.Ad-Hoc|iPhone.Build.0 = Debug|Any CPU
		{BA2BA238-684F-4D5D-BFF8-437693EA00FC}.Ad-Hoc|iPhoneSimulator.ActiveCfg = Debug|Any CPU
		{BA2BA238-684F-4D5D-BFF8-437693EA00FC}.Ad-Hoc|iPhoneSimulator.Build.0 = Debug|Any CPU
		{BA2BA238-684F-4D5D-BFF8-437693EA00FC}.AppStore|Any CPU.ActiveCfg = Debug|Any CPU
		{BA2BA238-684F-4D5D-BFF8-437693EA00FC}.AppStore|Any CPU.Build.0 = Debug|Any CPU
		{BA2BA238-684F-4D5D-BFF8-437693EA00FC}.AppStore|iPhone.ActiveCfg = Debug|Any CPU
		{BA2BA238-684F-4D5D-BFF8-437693EA00FC}.AppStore|iPhone.Build.0 = Debug|Any CPU
		{BA2BA238-684F-4D5D-BFF8-437693EA00FC}.AppStore|iPhoneSimulator.ActiveCfg = Debug|Any CPU
		{BA2BA238-684F-4D5D-BFF8-437693EA00FC}.AppStore|iPhoneSimulator.Build.0 = Debug|Any CPU
		{BA2BA238-684F-4D5D-BFF8-437693EA00FC}.Debug|Any CPU.ActiveCfg = Debug|Any CPU
		{BA2BA238-684F-4D5D-BFF8-437693EA00FC}.Debug|Any CPU.Build.0 = Debug|Any CPU
		{BA2BA238-684F-4D5D-BFF8-437693EA00FC}.Debug|iPhone.ActiveCfg = Debug|Any CPU
		{BA2BA238-684F-4D5D-BFF8-437693EA00FC}.Debug|iPhone.Build.0 = Debug|Any CPU
		{BA2BA238-684F-4D5D-BFF8-437693EA00FC}.Debug|iPhoneSimulator.ActiveCfg = Debug|Any CPU
		{BA2BA238-684F-4D5D-BFF8-437693EA00FC}.Debug|iPhoneSimulator.Build.0 = Debug|Any CPU
		{BA2BA238-684F-4D5D-BFF8-437693EA00FC}.Release|Any CPU.ActiveCfg = Release|Any CPU
		{BA2BA238-684F-4D5D-BFF8-437693EA00FC}.Release|Any CPU.Build.0 = Release|Any CPU
		{BA2BA238-684F-4D5D-BFF8-437693EA00FC}.Release|iPhone.ActiveCfg = Release|Any CPU
		{BA2BA238-684F-4D5D-BFF8-437693EA00FC}.Release|iPhone.Build.0 = Release|Any CPU
		{BA2BA238-684F-4D5D-BFF8-437693EA00FC}.Release|iPhoneSimulator.ActiveCfg = Release|Any CPU
		{BA2BA238-684F-4D5D-BFF8-437693EA00FC}.Release|iPhoneSimulator.Build.0 = Release|Any CPU
		{32F2AFF4-5CC5-4B23-80DB-636D7D1F1631}.Ad-Hoc|Any CPU.ActiveCfg = Debug|Any CPU
		{32F2AFF4-5CC5-4B23-80DB-636D7D1F1631}.Ad-Hoc|Any CPU.Build.0 = Debug|Any CPU
		{32F2AFF4-5CC5-4B23-80DB-636D7D1F1631}.Ad-Hoc|iPhone.ActiveCfg = Debug|Any CPU
		{32F2AFF4-5CC5-4B23-80DB-636D7D1F1631}.Ad-Hoc|iPhone.Build.0 = Debug|Any CPU
		{32F2AFF4-5CC5-4B23-80DB-636D7D1F1631}.Ad-Hoc|iPhoneSimulator.ActiveCfg = Debug|Any CPU
		{32F2AFF4-5CC5-4B23-80DB-636D7D1F1631}.Ad-Hoc|iPhoneSimulator.Build.0 = Debug|Any CPU
		{32F2AFF4-5CC5-4B23-80DB-636D7D1F1631}.AppStore|Any CPU.ActiveCfg = Debug|Any CPU
		{32F2AFF4-5CC5-4B23-80DB-636D7D1F1631}.AppStore|Any CPU.Build.0 = Debug|Any CPU
		{32F2AFF4-5CC5-4B23-80DB-636D7D1F1631}.AppStore|iPhone.ActiveCfg = Debug|Any CPU
		{32F2AFF4-5CC5-4B23-80DB-636D7D1F1631}.AppStore|iPhone.Build.0 = Debug|Any CPU
		{32F2AFF4-5CC5-4B23-80DB-636D7D1F1631}.AppStore|iPhoneSimulator.ActiveCfg = Debug|Any CPU
		{32F2AFF4-5CC5-4B23-80DB-636D7D1F1631}.AppStore|iPhoneSimulator.Build.0 = Debug|Any CPU
		{32F2AFF4-5CC5-4B23-80DB-636D7D1F1631}.Debug|Any CPU.ActiveCfg = Debug|Any CPU
		{32F2AFF4-5CC5-4B23-80DB-636D7D1F1631}.Debug|Any CPU.Build.0 = Debug|Any CPU
		{32F2AFF4-5CC5-4B23-80DB-636D7D1F1631}.Debug|iPhone.ActiveCfg = Debug|Any CPU
		{32F2AFF4-5CC5-4B23-80DB-636D7D1F1631}.Debug|iPhone.Build.0 = Debug|Any CPU
		{32F2AFF4-5CC5-4B23-80DB-636D7D1F1631}.Debug|iPhoneSimulator.ActiveCfg = Debug|Any CPU
		{32F2AFF4-5CC5-4B23-80DB-636D7D1F1631}.Debug|iPhoneSimulator.Build.0 = Debug|Any CPU
		{32F2AFF4-5CC5-4B23-80DB-636D7D1F1631}.Release|Any CPU.ActiveCfg = Release|Any CPU
		{32F2AFF4-5CC5-4B23-80DB-636D7D1F1631}.Release|Any CPU.Build.0 = Release|Any CPU
		{32F2AFF4-5CC5-4B23-80DB-636D7D1F1631}.Release|iPhone.ActiveCfg = Release|Any CPU
		{32F2AFF4-5CC5-4B23-80DB-636D7D1F1631}.Release|iPhone.Build.0 = Release|Any CPU
		{32F2AFF4-5CC5-4B23-80DB-636D7D1F1631}.Release|iPhoneSimulator.ActiveCfg = Release|Any CPU
		{32F2AFF4-5CC5-4B23-80DB-636D7D1F1631}.Release|iPhoneSimulator.Build.0 = Release|Any CPU
		{F2B07315-2D09-210D-4A16-C2C482D8DDBC}.Ad-Hoc|Any CPU.ActiveCfg = Release|Any CPU
		{F2B07315-2D09-210D-4A16-C2C482D8DDBC}.Ad-Hoc|Any CPU.Build.0 = Release|Any CPU
		{F2B07315-2D09-210D-4A16-C2C482D8DDBC}.Ad-Hoc|iPhone.ActiveCfg = Release|Any CPU
		{F2B07315-2D09-210D-4A16-C2C482D8DDBC}.Ad-Hoc|iPhone.Build.0 = Release|Any CPU
		{F2B07315-2D09-210D-4A16-C2C482D8DDBC}.Ad-Hoc|iPhoneSimulator.ActiveCfg = Release|Any CPU
		{F2B07315-2D09-210D-4A16-C2C482D8DDBC}.Ad-Hoc|iPhoneSimulator.Build.0 = Release|Any CPU
		{F2B07315-2D09-210D-4A16-C2C482D8DDBC}.AppStore|Any CPU.ActiveCfg = Release|Any CPU
		{F2B07315-2D09-210D-4A16-C2C482D8DDBC}.AppStore|Any CPU.Build.0 = Release|Any CPU
		{F2B07315-2D09-210D-4A16-C2C482D8DDBC}.AppStore|iPhone.ActiveCfg = Release|Any CPU
		{F2B07315-2D09-210D-4A16-C2C482D8DDBC}.AppStore|iPhone.Build.0 = Release|Any CPU
		{F2B07315-2D09-210D-4A16-C2C482D8DDBC}.AppStore|iPhoneSimulator.ActiveCfg = Release|Any CPU
		{F2B07315-2D09-210D-4A16-C2C482D8DDBC}.AppStore|iPhoneSimulator.Build.0 = Release|Any CPU
		{F2B07315-2D09-210D-4A16-C2C482D8DDBC}.Debug|Any CPU.ActiveCfg = Debug|Any CPU
		{F2B07315-2D09-210D-4A16-C2C482D8DDBC}.Debug|Any CPU.Build.0 = Debug|Any CPU
		{F2B07315-2D09-210D-4A16-C2C482D8DDBC}.Debug|iPhone.ActiveCfg = Debug|Any CPU
		{F2B07315-2D09-210D-4A16-C2C482D8DDBC}.Debug|iPhone.Build.0 = Debug|Any CPU
		{F2B07315-2D09-210D-4A16-C2C482D8DDBC}.Debug|iPhoneSimulator.ActiveCfg = Debug|Any CPU
		{F2B07315-2D09-210D-4A16-C2C482D8DDBC}.Debug|iPhoneSimulator.Build.0 = Debug|Any CPU
		{F2B07315-2D09-210D-4A16-C2C482D8DDBC}.Release|Any CPU.ActiveCfg = Release|Any CPU
		{F2B07315-2D09-210D-4A16-C2C482D8DDBC}.Release|Any CPU.Build.0 = Release|Any CPU
		{F2B07315-2D09-210D-4A16-C2C482D8DDBC}.Release|iPhone.ActiveCfg = Release|Any CPU
		{F2B07315-2D09-210D-4A16-C2C482D8DDBC}.Release|iPhone.Build.0 = Release|Any CPU
		{F2B07315-2D09-210D-4A16-C2C482D8DDBC}.Release|iPhoneSimulator.ActiveCfg = Release|Any CPU
		{F2B07315-2D09-210D-4A16-C2C482D8DDBC}.Release|iPhoneSimulator.Build.0 = Release|Any CPU
		{15C2C742-0277-6DB2-C551-AAA3C662A951}.Ad-Hoc|Any CPU.ActiveCfg = Release|Any CPU
		{15C2C742-0277-6DB2-C551-AAA3C662A951}.Ad-Hoc|Any CPU.Build.0 = Release|Any CPU
		{15C2C742-0277-6DB2-C551-AAA3C662A951}.Ad-Hoc|iPhone.ActiveCfg = Release|Any CPU
		{15C2C742-0277-6DB2-C551-AAA3C662A951}.Ad-Hoc|iPhone.Build.0 = Release|Any CPU
		{15C2C742-0277-6DB2-C551-AAA3C662A951}.Ad-Hoc|iPhoneSimulator.ActiveCfg = Release|Any CPU
		{15C2C742-0277-6DB2-C551-AAA3C662A951}.Ad-Hoc|iPhoneSimulator.Build.0 = Release|Any CPU
		{15C2C742-0277-6DB2-C551-AAA3C662A951}.AppStore|Any CPU.ActiveCfg = Release|Any CPU
		{15C2C742-0277-6DB2-C551-AAA3C662A951}.AppStore|Any CPU.Build.0 = Release|Any CPU
		{15C2C742-0277-6DB2-C551-AAA3C662A951}.AppStore|iPhone.ActiveCfg = Release|Any CPU
		{15C2C742-0277-6DB2-C551-AAA3C662A951}.AppStore|iPhone.Build.0 = Release|Any CPU
		{15C2C742-0277-6DB2-C551-AAA3C662A951}.AppStore|iPhoneSimulator.ActiveCfg = Release|Any CPU
		{15C2C742-0277-6DB2-C551-AAA3C662A951}.AppStore|iPhoneSimulator.Build.0 = Release|Any CPU
		{15C2C742-0277-6DB2-C551-AAA3C662A951}.Debug|Any CPU.ActiveCfg = Debug|Any CPU
		{15C2C742-0277-6DB2-C551-AAA3C662A951}.Debug|Any CPU.Build.0 = Debug|Any CPU
		{15C2C742-0277-6DB2-C551-AAA3C662A951}.Debug|iPhone.ActiveCfg = Debug|Any CPU
		{15C2C742-0277-6DB2-C551-AAA3C662A951}.Debug|iPhone.Build.0 = Debug|Any CPU
		{15C2C742-0277-6DB2-C551-AAA3C662A951}.Debug|iPhoneSimulator.ActiveCfg = Debug|Any CPU
		{15C2C742-0277-6DB2-C551-AAA3C662A951}.Debug|iPhoneSimulator.Build.0 = Debug|Any CPU
		{15C2C742-0277-6DB2-C551-AAA3C662A951}.Release|Any CPU.ActiveCfg = Release|Any CPU
		{15C2C742-0277-6DB2-C551-AAA3C662A951}.Release|Any CPU.Build.0 = Release|Any CPU
		{15C2C742-0277-6DB2-C551-AAA3C662A951}.Release|iPhone.ActiveCfg = Release|Any CPU
		{15C2C742-0277-6DB2-C551-AAA3C662A951}.Release|iPhone.Build.0 = Release|Any CPU
		{15C2C742-0277-6DB2-C551-AAA3C662A951}.Release|iPhoneSimulator.ActiveCfg = Release|Any CPU
		{15C2C742-0277-6DB2-C551-AAA3C662A951}.Release|iPhoneSimulator.Build.0 = Release|Any CPU
	EndGlobalSection
	GlobalSection(SolutionProperties) = preSolution
		HideSolutionNode = FALSE
	EndGlobalSection
	GlobalSection(ExtensibilityGlobals) = postSolution
		SolutionGuid = {C5B9A60D-1857-4535-9CE4-5AFDB1F24EAB}
	EndGlobalSection
EndGlobal
